{
  "name": "231timing",
  "version": "1.0.0",
  "lockfileVersion": 1,
  "requires": true,
  "dependencies": {
    "@babel/runtime": {
      "version": "7.11.2",
      "resolved": "https://artifactory.int.liveperson.net:443/artifactory/api/npm/lp-npm-virtual/@babel/runtime/-/runtime-7.11.2.tgz",
      "integrity": "sha1-9UnBPHVMxAuHZEufqfCaapX+BzY=",
      "requires": {
        "regenerator-runtime": "^0.13.4"
      }
    },
    "automation-events": {
      "version": "2.0.19",
      "resolved": "https://artifactory.int.liveperson.net:443/artifactory/api/npm/lp-npm-virtual/automation-events/-/automation-events-2.0.19.tgz",
      "integrity": "sha1-uZabruOJfe2dX0upz7SxhWUXaxI=",
      "requires": {
        "@babel/runtime": "^7.11.2",
        "tslib": "^2.0.1"
      },
      "dependencies": {
        "tslib": {
          "version": "2.0.1",
          "resolved": "https://artifactory.int.liveperson.net:443/artifactory/api/npm/lp-npm-virtual/tslib/-/tslib-2.0.1.tgz",
          "integrity": "sha1-QQ6w0RPltjVkkO7HSWA3JbAhtD4="
        }
      }
    },
    "regenerator-runtime": {
      "version": "0.13.7",
      "resolved": "https://artifactory.int.liveperson.net:443/artifactory/api/npm/lp-npm-virtual/regenerator-runtime/-/regenerator-runtime-0.13.7.tgz",
      "integrity": "sha1-ysLazIoepnX+qrrriugziYrkb1U="
    },
    "standardized-audio-context": {
      "version": "24.1.26",
      "resolved": "https://artifactory.int.liveperson.net:443/artifactory/api/npm/lp-npm-virtual/standardized-audio-context/-/standardized-audio-context-24.1.26.tgz",
      "integrity": "sha1-bFSaJ1zwcbqCfv4h0uoI+b3Jlv0=",
      "requires": {
        "@babel/runtime": "^7.11.2",
        "automation-events": "^2.0.19",
        "tslib": "^2.0.1"
      },
      "dependencies": {
        "tslib": {
          "version": "2.0.1",
          "resolved": "https://artifactory.int.liveperson.net:443/artifactory/api/npm/lp-npm-virtual/tslib/-/tslib-2.0.1.tgz",
          "integrity": "sha1-QQ6w0RPltjVkkO7HSWA3JbAhtD4="
        }
      }
    },
    "tone": {
      "version": "14.7.39",
      "resolved": "https://artifactory.int.liveperson.net:443/artifactory/api/npm/lp-npm-virtual/tone/-/tone-14.7.39.tgz",
      "integrity": "sha1-a4gUa/sxVCUXGTMTk1Zi2HZwo/c=",
      "requires": {
        "standardized-audio-context": "^24.1.5",
        "tslib": "^1.10.0"
      }
    },
    "tslib": {
      "version": "1.13.0",
      "resolved": "https://artifactory.int.liveperson.net:443/artifactory/api/npm/lp-npm-virtual/tslib/-/tslib-1.13.0.tgz",
      "integrity": "sha1-yIHhPMcBWJTtkUhi0nZDb6mkcEM="
    }
  }
}
